
Microsoft Visual Studio Solution File, Format Version 12.00
# Visual Studio Version 16
VisualStudioVersion = 16.0.29806.167
MinimumVisualStudioVersion = 10.0.40219.1
Project("{9A19103F-16F7-4668-BE54-9A1E7A4F7556}") = "Payment.Domain", "src\Payment.Domain\Payment.Domain.csproj", "{11C08620-3B10-4E58-A695-8E1D0A8F2734}"
EndProject
Project("{9A19103F-16F7-4668-BE54-9A1E7A4F7556}") = "Payment.Application", "src\Payment.Application\Payment.Application.csproj", "{4A88DAD8-0751-4805-AF91-D6A42DFA0467}"
EndProject
Project("{9A19103F-16F7-4668-BE54-9A1E7A4F7556}") = "Payment.Api", "src\Payment.Api\Payment.Api.csproj", "{C88AB97C-628D-446F-99D8-6A7A6A4D08AC}"
EndProject
Project("{2150E333-8FDC-42A3-9474-1A3956D46DE8}") = "Infrastructure", "Infrastructure", "{263C26E7-D5A3-4C59-9188-9E4B306303B3}"
EndProject
Project("{9A19103F-16F7-4668-BE54-9A1E7A4F7556}") = "Payment.Infrastructure", "src\Payment.Infrastructure\Payment.Infrastructure.csproj", "{47A77153-E809-435C-9D2E-463B5939C120}"
EndProject
Project("{9A19103F-16F7-4668-BE54-9A1E7A4F7556}") = "Payment.Acquiring", "src\Payment.Acquiring\Payment.Acquiring.csproj", "{3B05FCF2-8B91-4364-8FFC-C90B29440CCA}"
EndProject
Project("{2150E333-8FDC-42A3-9474-1A3956D46DE8}") = "Providers", "Providers", "{25DBCBDE-8ECF-48A3-948E-9CE9A98312AF}"
EndProject
Project("{2150E333-8FDC-42A3-9474-1A3956D46DE8}") = "Core", "Core", "{45576D02-420A-4726-B505-0A505BA2AB16}"
EndProject
Project("{9A19103F-16F7-4668-BE54-9A1E7A4F7556}") = "Payment.EventStore", "src\Payment.EventStore\Payment.EventStore.csproj", "{73A95100-55F2-420A-A5A6-32A8F6732B3F}"
EndProject
Project("{9A19103F-16F7-4668-BE54-9A1E7A4F7556}") = "Payment.Infrastructure.EventSourcing", "src\Payment.Infrastructure.EventSourcing\Payment.Infrastructure.EventSourcing.csproj", "{442AE047-41DF-4DD9-908D-6EA003C9A775}"
EndProject
Project("{2150E333-8FDC-42A3-9474-1A3956D46DE8}") = "Tests", "Tests", "{B444FFD9-3BBE-484F-A1DB-AFB6555A7E75}"
EndProject
Project("{FAE04EC0-301F-11D3-BF4B-00C04F79EFBC}") = "Payment.Tests", "Payment.Tests\Payment.Tests.csproj", "{83E5618B-E151-4E81-B639-5E6460DD37ED}"
EndProject
Global
	GlobalSection(SolutionConfigurationPlatforms) = preSolution
		Debug|Any CPU = Debug|Any CPU
		Release|Any CPU = Release|Any CPU
	EndGlobalSection
	GlobalSection(ProjectConfigurationPlatforms) = postSolution
		{11C08620-3B10-4E58-A695-8E1D0A8F2734}.Debug|Any CPU.ActiveCfg = Debug|Any CPU
		{11C08620-3B10-4E58-A695-8E1D0A8F2734}.Debug|Any CPU.Build.0 = Debug|Any CPU
		{11C08620-3B10-4E58-A695-8E1D0A8F2734}.Release|Any CPU.ActiveCfg = Release|Any CPU
		{11C08620-3B10-4E58-A695-8E1D0A8F2734}.Release|Any CPU.Build.0 = Release|Any CPU
		{4A88DAD8-0751-4805-AF91-D6A42DFA0467}.Debug|Any CPU.ActiveCfg = Debug|Any CPU
		{4A88DAD8-0751-4805-AF91-D6A42DFA0467}.Debug|Any CPU.Build.0 = Debug|Any CPU
		{4A88DAD8-0751-4805-AF91-D6A42DFA0467}.Release|Any CPU.ActiveCfg = Release|Any CPU
		{4A88DAD8-0751-4805-AF91-D6A42DFA0467}.Release|Any CPU.Build.0 = Release|Any CPU
		{C88AB97C-628D-446F-99D8-6A7A6A4D08AC}.Debug|Any CPU.ActiveCfg = Debug|Any CPU
		{C88AB97C-628D-446F-99D8-6A7A6A4D08AC}.Debug|Any CPU.Build.0 = Debug|Any CPU
		{C88AB97C-628D-446F-99D8-6A7A6A4D08AC}.Release|Any CPU.ActiveCfg = Release|Any CPU
		{C88AB97C-628D-446F-99D8-6A7A6A4D08AC}.Release|Any CPU.Build.0 = Release|Any CPU
		{47A77153-E809-435C-9D2E-463B5939C120}.Debug|Any CPU.ActiveCfg = Debug|Any CPU
		{47A77153-E809-435C-9D2E-463B5939C120}.Debug|Any CPU.Build.0 = Debug|Any CPU
		{47A77153-E809-435C-9D2E-463B5939C120}.Release|Any CPU.ActiveCfg = Release|Any CPU
		{47A77153-E809-435C-9D2E-463B5939C120}.Release|Any CPU.Build.0 = Release|Any CPU
		{3B05FCF2-8B91-4364-8FFC-C90B29440CCA}.Debug|Any CPU.ActiveCfg = Debug|Any CPU
		{3B05FCF2-8B91-4364-8FFC-C90B29440CCA}.Debug|Any CPU.Build.0 = Debug|Any CPU
		{3B05FCF2-8B91-4364-8FFC-C90B29440CCA}.Release|Any CPU.ActiveCfg = Release|Any CPU
		{3B05FCF2-8B91-4364-8FFC-C90B29440CCA}.Release|Any CPU.Build.0 = Release|Any CPU
		{73A95100-55F2-420A-A5A6-32A8F6732B3F}.Debug|Any CPU.ActiveCfg = Debug|Any CPU
		{73A95100-55F2-420A-A5A6-32A8F6732B3F}.Debug|Any CPU.Build.0 = Debug|Any CPU
		{73A95100-55F2-420A-A5A6-32A8F6732B3F}.Release|Any CPU.ActiveCfg = Release|Any CPU
		{73A95100-55F2-420A-A5A6-32A8F6732B3F}.Release|Any CPU.Build.0 = Release|Any CPU
		{442AE047-41DF-4DD9-908D-6EA003C9A775}.Debug|Any CPU.ActiveCfg = Debug|Any CPU
		{442AE047-41DF-4DD9-908D-6EA003C9A775}.Debug|Any CPU.Build.0 = Debug|Any CPU
		{442AE047-41DF-4DD9-908D-6EA003C9A775}.Release|Any CPU.ActiveCfg = Release|Any CPU
		{442AE047-41DF-4DD9-908D-6EA003C9A775}.Release|Any CPU.Build.0 = Release|Any CPU
		{83E5618B-E151-4E81-B639-5E6460DD37ED}.Debug|Any CPU.ActiveCfg = Debug|Any CPU
		{83E5618B-E151-4E81-B639-5E6460DD37ED}.Debug|Any CPU.Build.0 = Debug|Any CPU
		{83E5618B-E151-4E81-B639-5E6460DD37ED}.Release|Any CPU.ActiveCfg = Release|Any CPU
		{83E5618B-E151-4E81-B639-5E6460DD37ED}.Release|Any CPU.Build.0 = Release|Any CPU
	EndGlobalSection
	GlobalSection(SolutionProperties) = preSolution
		HideSolutionNode = FALSE
	EndGlobalSection
	GlobalSection(NestedProjects) = preSolution
		{11C08620-3B10-4E58-A695-8E1D0A8F2734} = {45576D02-420A-4726-B505-0A505BA2AB16}
		{4A88DAD8-0751-4805-AF91-D6A42DFA0467} = {45576D02-420A-4726-B505-0A505BA2AB16}
		{47A77153-E809-435C-9D2E-463B5939C120} = {263C26E7-D5A3-4C59-9188-9E4B306303B3}
		{3B05FCF2-8B91-4364-8FFC-C90B29440CCA} = {25DBCBDE-8ECF-48A3-948E-9CE9A98312AF}
		{73A95100-55F2-420A-A5A6-32A8F6732B3F} = {25DBCBDE-8ECF-48A3-948E-9CE9A98312AF}
		{442AE047-41DF-4DD9-908D-6EA003C9A775} = {263C26E7-D5A3-4C59-9188-9E4B306303B3}
		{83E5618B-E151-4E81-B639-5E6460DD37ED} = {B444FFD9-3BBE-484F-A1DB-AFB6555A7E75}
	EndGlobalSection
	GlobalSection(ExtensibilityGlobals) = postSolution
		SolutionGuid = {BFAC6647-1121-4436-B889-E11116B16B8A}
	EndGlobalSection
EndGlobal
